
Microsoft Visual Studio Solution File, Format Version 12.00
# Visual Studio Version 16
VisualStudioVersion = 16.0.30709.132
MinimumVisualStudioVersion = 10.0.40219.1
Project("{9A19103F-16F7-4668-BE54-9A1E7A4F7556}") = "MultiplayerExtensions.VoiceChat", "MultiplayerExtensions.VoiceChat\MultiplayerExtensions.VoiceChat.csproj", "{C07B3757-B068-42A5-87C5-71301C483A6C}"
EndProject
Project("{9A19103F-16F7-4668-BE54-9A1E7A4F7556}") = "MultiplayerExtensions", "MultiplayerExtensions\MultiplayerExtensions\MultiplayerExtensions.csproj", "{2FF93560-0D21-4C3A-8DDD-FFB8AE3B276B}"
EndProject
Global
	GlobalSection(SolutionConfigurationPlatforms) = preSolution
		Debug|Any CPU = Debug|Any CPU
		Release|Any CPU = Release|Any CPU
	EndGlobalSection
	GlobalSection(ProjectConfigurationPlatforms) = postSolution
		{C07B3757-B068-42A5-87C5-71301C483A6C}.Debug|Any CPU.ActiveCfg = Debug|Any CPU
		{C07B3757-B068-42A5-87C5-71301C483A6C}.Debug|Any CPU.Build.0 = Debug|Any CPU
		{C07B3757-B068-42A5-87C5-71301C483A6C}.Release|Any CPU.ActiveCfg = Release|Any CPU
		{C07B3757-B068-42A5-87C5-71301C483A6C}.Release|Any CPU.Build.0 = Release|Any CPU
		{2FF93560-0D21-4C3A-8DDD-FFB8AE3B276B}.Debug|Any CPU.ActiveCfg = Debug|Any CPU
		{2FF93560-0D21-4C3A-8DDD-FFB8AE3B276B}.Debug|Any CPU.Build.0 = Debug|Any CPU
		{2FF93560-0D21-4C3A-8DDD-FFB8AE3B276B}.Release|Any CPU.ActiveCfg = Release|Any CPU
		{2FF93560-0D21-4C3A-8DDD-FFB8AE3B276B}.Release|Any CPU.Build.0 = Release|Any CPU
	EndGlobalSection
	GlobalSection(SolutionProperties) = preSolution
		HideSolutionNode = FALSE
	EndGlobalSection
	GlobalSection(ExtensibilityGlobals) = postSolution
		SolutionGuid = {F6DEF9AC-9F13-4F5D-B19B-852043AB72B8}
	EndGlobalSection
EndGlobal
